
Microsoft Visual Studio Solution File, Format Version 12.00
# Visual Studio 15
VisualStudioVersion = 15.0.27428.2002
MinimumVisualStudioVersion = 10.0.40219.1
Project("{FAE04EC0-301F-11D3-BF4B-00C04F79EFBC}") = "EastFive.VisualStudio.VSIX.ResourceGenerator", "EastFive.VisualStudio.VSIX.ResourceGenerator\EastFive.VisualStudio.VSIX.ResourceGenerator.csproj", "{8743E4C0-D73C-43C7-A460-CF9FCA3A46F5}"
EndProject
Global
	GlobalSection(SolutionConfigurationPlatforms) = preSolution
		Debug|Any CPU = Debug|Any CPU
		Release|Any CPU = Release|Any CPU
	EndGlobalSection
	GlobalSection(ProjectConfigurationPlatforms) = postSolution
		{8743E4C0-D73C-43C7-A460-CF9FCA3A46F5}.Debug|Any CPU.ActiveCfg = Debug|Any CPU
		{8743E4C0-D73C-43C7-A460-CF9FCA3A46F5}.Debug|Any CPU.Build.0 = Debug|Any CPU
		{8743E4C0-D73C-43C7-A460-CF9FCA3A46F5}.Release|Any CPU.ActiveCfg = Release|Any CPU
		{8743E4C0-D73C-43C7-A460-CF9FCA3A46F5}.Release|Any CPU.Build.0 = Release|Any CPU
	EndGlobalSection
	GlobalSection(SolutionProperties) = preSolution
		HideSolutionNode = FALSE
	EndGlobalSection
	GlobalSection(ExtensibilityGlobals) = postSolution
		SolutionGuid = {B3C19E6A-E563-4F28-8F01-DC2BAC840411}
	EndGlobalSection
EndGlobal
